
Microsoft Visual Studio Solution File, Format Version 12.00
# Visual Studio Version 17
VisualStudioVersion = 17.1.32407.343
MinimumVisualStudioVersion = 10.0.40219.1
Project("{FAE04EC0-301F-11D3-BF4B-00C04F79EFBC}") = "booksapi_csharp", "booksapi_csharp.csproj", "{D0B04239-A830-4102-9520-6D10A80A3601}"
EndProject
Global
	GlobalSection(SolutionConfigurationPlatforms) = preSolution
		Debug|Any CPU = Debug|Any CPU
		Release|Any CPU = Release|Any CPU
	EndGlobalSection
	GlobalSection(ProjectConfigurationPlatforms) = postSolution
		{D0B04239-A830-4102-9520-6D10A80A3601}.Debug|Any CPU.ActiveCfg = Debug|Any CPU
		{D0B04239-A830-4102-9520-6D10A80A3601}.Debug|Any CPU.Build.0 = Debug|Any CPU
		{D0B04239-A830-4102-9520-6D10A80A3601}.Release|Any CPU.ActiveCfg = Release|Any CPU
		{D0B04239-A830-4102-9520-6D10A80A3601}.Release|Any CPU.Build.0 = Release|Any CPU
	EndGlobalSection
	GlobalSection(SolutionProperties) = preSolution
		HideSolutionNode = FALSE
	EndGlobalSection
	GlobalSection(ExtensibilityGlobals) = postSolution
		SolutionGuid = {31AD672F-C81B-4618-B401-0AF02DBA74BF}
	EndGlobalSection
EndGlobal
